
Microsoft Visual Studio Solution File, Format Version 12.00
# Visual Studio 2012
Project("{FAE04EC0-301F-11D3-BF4B-00C04F79EFBC}") = "angular-leaflet", "angular-leaflet\angular-leaflet.csproj", "{E5C01467-4741-4E48-B856-3302EC5EDF69}"
EndProject
Project("{FAE04EC0-301F-11D3-BF4B-00C04F79EFBC}") = "Trackables", "Trackables\Trackables.csproj", "{9B8154A1-C4AF-4501-A65C-3DB83853A35E}"
EndProject
Project("{FAE04EC0-301F-11D3-BF4B-00C04F79EFBC}") = "DataModel", "DataModel\DataModel.csproj", "{826C6E40-2AC0-484D-B960-E47938B044F5}"
EndProject
Project("{FAE04EC0-301F-11D3-BF4B-00C04F79EFBC}") = "Tests", "Tests\Tests.csproj", "{09EE2EA3-3421-4435-8508-0C9E72F070C4}"
EndProject
Global
	GlobalSection(SolutionConfigurationPlatforms) = preSolution
		Debug|Any CPU = Debug|Any CPU
		Release|Any CPU = Release|Any CPU
	EndGlobalSection
	GlobalSection(ProjectConfigurationPlatforms) = postSolution
		{E5C01467-4741-4E48-B856-3302EC5EDF69}.Debug|Any CPU.ActiveCfg = Debug|Any CPU
		{E5C01467-4741-4E48-B856-3302EC5EDF69}.Debug|Any CPU.Build.0 = Debug|Any CPU
		{E5C01467-4741-4E48-B856-3302EC5EDF69}.Release|Any CPU.ActiveCfg = Release|Any CPU
		{E5C01467-4741-4E48-B856-3302EC5EDF69}.Release|Any CPU.Build.0 = Release|Any CPU
		{9B8154A1-C4AF-4501-A65C-3DB83853A35E}.Debug|Any CPU.ActiveCfg = Debug|Any CPU
		{9B8154A1-C4AF-4501-A65C-3DB83853A35E}.Debug|Any CPU.Build.0 = Debug|Any CPU
		{9B8154A1-C4AF-4501-A65C-3DB83853A35E}.Release|Any CPU.ActiveCfg = Release|Any CPU
		{9B8154A1-C4AF-4501-A65C-3DB83853A35E}.Release|Any CPU.Build.0 = Release|Any CPU
		{826C6E40-2AC0-484D-B960-E47938B044F5}.Debug|Any CPU.ActiveCfg = Debug|Any CPU
		{826C6E40-2AC0-484D-B960-E47938B044F5}.Debug|Any CPU.Build.0 = Debug|Any CPU
		{826C6E40-2AC0-484D-B960-E47938B044F5}.Release|Any CPU.ActiveCfg = Release|Any CPU
		{826C6E40-2AC0-484D-B960-E47938B044F5}.Release|Any CPU.Build.0 = Release|Any CPU
		{09EE2EA3-3421-4435-8508-0C9E72F070C4}.Debug|Any CPU.ActiveCfg = Debug|Any CPU
		{09EE2EA3-3421-4435-8508-0C9E72F070C4}.Debug|Any CPU.Build.0 = Debug|Any CPU
		{09EE2EA3-3421-4435-8508-0C9E72F070C4}.Release|Any CPU.ActiveCfg = Release|Any CPU
		{09EE2EA3-3421-4435-8508-0C9E72F070C4}.Release|Any CPU.Build.0 = Release|Any CPU
	EndGlobalSection
	GlobalSection(SolutionProperties) = preSolution
		HideSolutionNode = FALSE
	EndGlobalSection
EndGlobal
